# THIS IS AN AUTOGENERATED FILE. DO NOT EDIT THIS FILE DIRECTLY.
# yarn lockfile v1


"@playwright/test@^1.29.2":
  "integrity" "sha512-+3/GPwOgcoF0xLz/opTnahel1/y42PdcgZ4hs+BZGIUjtmEFSXGg+nFoaH3NSmuc7a6GSFwXDJ5L7VXpqzigNg=="
  "resolved" "https://registry.npmjs.org/@playwright/test/-/test-1.29.2.tgz"
  "version" "1.29.2"
  dependencies:
    "@types/node" "*"
    "playwright-core" "1.29.2"

"@types/node@*":
  "integrity" "sha512-DHQpWGjyQKSHj3ebjFI/wRKcqQcdR+MoFBygntYOZytCqNfkd2ZC4ARDJ2DQqhjH5p85Nnd3jhUJIXrszFX/JA=="
  "resolved" "https://registry.npmjs.org/@types/node/-/node-18.11.18.tgz"
  "version" "18.11.18"

"dotenv@^16.0.3":
  "integrity" "sha512-7GO6HghkA5fYG9TYnNxi14/7K9f5occMlp3zXAuSxn7CKCxt9xbNWG7yF8hTCSUchlfWSe3uLmlPfigevRItzQ=="
  "resolved" "https://registry.npmjs.org/dotenv/-/dotenv-16.0.3.tgz"
  "version" "16.0.3"

"playwright-core@1.29.2":
  "integrity" "sha512-94QXm4PMgFoHAhlCuoWyaBYKb92yOcGVHdQLoxQ7Wjlc7Flg4aC/jbFW7xMR52OfXMVkWicue4WXE7QEegbIRA=="
  "resolved" "https://registry.npmjs.org/playwright-core/-/playwright-core-1.29.2.tgz"
  "version" "1.29.2"
